// !$*UTF8*$!
{
	archiveVersion = 1;
	classes = {
	};
	objectVersion = 46;
	objects = {

/* Begin PBXBuildFile section */
		1B15A13D1DC2A09900B15C9F /* not_starred.json in Resources */ = {isa = PBXBuildFile; fileRef = 1B15A13B1DC2A09900B15C9F /* not_starred.json */; };
		1B15A13E1DC2A09900B15C9F /* repositories.json in Resources */ = {isa = PBXBuildFile; fileRef = 1B15A13C1DC2A09900B15C9F /* repositories.json */; };
		1BF884A81DBE950C001E9E9B /* AppDelegate.swift in Sources */ = {isa = PBXBuildFile; fileRef = 1BF884A71DBE950C001E9E9B /* AppDelegate.swift */; };
		1BF884AA1DBE950C001E9E9B /* ViewController.swift in Sources */ = {isa = PBXBuildFile; fileRef = 1BF884A91DBE950C001E9E9B /* ViewController.swift */; };
		1BF884AF1DBE950C001E9E9B /* Assets.xcassets in Resources */ = {isa = PBXBuildFile; fileRef = 1BF884AE1DBE950C001E9E9B /* Assets.xcassets */; };
		1BF884B21DBE950C001E9E9B /* LaunchScreen.storyboard in Resources */ = {isa = PBXBuildFile; fileRef = 1BF884B01DBE950C001E9E9B /* LaunchScreen.storyboard */; };
		8F33DF701E37B20100861BA9 /* swift_github_repo_search_labTests.swift in Sources */ = {isa = PBXBuildFile; fileRef = 8F33DF6F1E37B20100861BA9 /* swift_github_repo_search_labTests.swift */; };
		8F33DF7D1E37B22100861BA9 /* GithubAPIClientSpec.swift in Sources */ = {isa = PBXBuildFile; fileRef = 8F33DF771E37B22100861BA9 /* GithubAPIClientSpec.swift */; };
		8F33DF7E1E37B22100861BA9 /* GithubRepositorySpec.swift in Sources */ = {isa = PBXBuildFile; fileRef = 8F33DF781E37B22100861BA9 /* GithubRepositorySpec.swift */; };
		8F33DF7F1E37B22100861BA9 /* not_starred.json in Resources */ = {isa = PBXBuildFile; fileRef = 8F33DF791E37B22100861BA9 /* not_starred.json */; };
		8F33DF801E37B22100861BA9 /* ReposDataStoreSpec.swift in Sources */ = {isa = PBXBuildFile; fileRef = 8F33DF7A1E37B22100861BA9 /* ReposDataStoreSpec.swift */; };
		8F33DF811E37B22100861BA9 /* repositories.json in Resources */ = {isa = PBXBuildFile; fileRef = 8F33DF7B1E37B22100861BA9 /* repositories.json */; };
		8F33DF821E37B22100861BA9 /* ReposTableViewControllerSpec.swift in Sources */ = {isa = PBXBuildFile; fileRef = 8F33DF7C1E37B22100861BA9 /* ReposTableViewControllerSpec.swift */; };
		C02E9D077A856C30135639A5 /* Pods_swift_github_repo_search_labTests.framework in Frameworks */ = {isa = PBXBuildFile; fileRef = 26B167F6C19D8C9E9C5B7D1B /* Pods_swift_github_repo_search_labTests.framework */; };
		F03A113E1E705D7800038E03 /* Secret.swift in Sources */ = {isa = PBXBuildFile; fileRef = F03A113D1E705D7800038E03 /* Secret.swift */; };
		F03A11431E705F7700038E03 /* GithubAPIClient.swift in Sources */ = {isa = PBXBuildFile; fileRef = F03A113F1E705F7700038E03 /* GithubAPIClient.swift */; };
		F03A11441E705F7700038E03 /* GithubRepository.swift in Sources */ = {isa = PBXBuildFile; fileRef = F03A11401E705F7700038E03 /* GithubRepository.swift */; };
		F03A11451E705F7700038E03 /* ReposDataStore.swift in Sources */ = {isa = PBXBuildFile; fileRef = F03A11411E705F7700038E03 /* ReposDataStore.swift */; };
		F03A11461E705F7700038E03 /* ReposTableViewController.swift in Sources */ = {isa = PBXBuildFile; fileRef = F03A11421E705F7700038E03 /* ReposTableViewController.swift */; };
		F03A11491E70600500038E03 /* Main.storyboard in Resources */ = {isa = PBXBuildFile; fileRef = F03A11471E70600500038E03 /* Main.storyboard */; };
		FDE5A2D855483A3DBDB88CB6 /* Pods_swift_github_repo_search_lab.framework in Frameworks */ = {isa = PBXBuildFile; fileRef = EB903D33600997305EE0760B /* Pods_swift_github_repo_search_lab.framework */; };
/* End PBXBuildFile section */

/* Begin PBXContainerItemProxy section */
		8F33DF721E37B20100861BA9 /* PBXContainerItemProxy */ = {
			isa = PBXContainerItemProxy;
			containerPortal = 1BF8849C1DBE950C001E9E9B /* Project object */;
			proxyType = 1;
			remoteGlobalIDString = 1BF884A31DBE950C001E9E9B;
			remoteInfo = "swift-github-repo-search-lab";
		};
/* End PBXContainerItemProxy section */

/* Begin PBXFileReference section */
		06179FC97D4CCA9AF9531AF7 /* Pods-swift-github-repo-search-lab.debug.xcconfig */ = {isa = PBXFileReference; includeInIndex = 1; lastKnownFileType = text.xcconfig; name = "Pods-swift-github-repo-search-lab.debug.xcconfig"; path = "Pods/Target Support Files/Pods-swift-github-repo-search-lab/Pods-swift-github-repo-search-lab.debug.xcconfig"; sourceTree = "<group>"; };
		1B15A13B1DC2A09900B15C9F /* not_starred.json */ = {isa = PBXFileReference; fileEncoding = 4; lastKnownFileType = text.json; path = not_starred.json; sourceTree = "<group>"; };
		1B15A13C1DC2A09900B15C9F /* repositories.json */ = {isa = PBXFileReference; fileEncoding = 4; lastKnownFileType = text.json; path = repositories.json; sourceTree = "<group>"; };
		1BF884A41DBE950C001E9E9B /* swift-github-repo-search-lab.app */ = {isa = PBXFileReference; explicitFileType = wrapper.application; includeInIndex = 0; path = "swift-github-repo-search-lab.app"; sourceTree = BUILT_PRODUCTS_DIR; };
		1BF884A71DBE950C001E9E9B /* AppDelegate.swift */ = {isa = PBXFileReference; lastKnownFileType = sourcecode.swift; path = AppDelegate.swift; sourceTree = "<group>"; };
		1BF884A91DBE950C001E9E9B /* ViewController.swift */ = {isa = PBXFileReference; lastKnownFileType = sourcecode.swift; path = ViewController.swift; sourceTree = "<group>"; };
		1BF884AE1DBE950C001E9E9B /* Assets.xcassets */ = {isa = PBXFileReference; lastKnownFileType = folder.assetcatalog; path = Assets.xcassets; sourceTree = "<group>"; };
		1BF884B11DBE950C001E9E9B /* Base */ = {isa = PBXFileReference; lastKnownFileType = file.storyboard; name = Base; path = Base.lproj/LaunchScreen.storyboard; sourceTree = "<group>"; };
		1BF884B31DBE950C001E9E9B /* Info.plist */ = {isa = PBXFileReference; lastKnownFileType = text.plist.xml; path = Info.plist; sourceTree = "<group>"; };
		26B167F6C19D8C9E9C5B7D1B /* Pods_swift_github_repo_search_labTests.framework */ = {isa = PBXFileReference; explicitFileType = wrapper.framework; includeInIndex = 0; path = Pods_swift_github_repo_search_labTests.framework; sourceTree = BUILT_PRODUCTS_DIR; };
		6DCF8E2B93675A97DA4ECCEF /* Pods-swift-github-repo-search-labTests.release.xcconfig */ = {isa = PBXFileReference; includeInIndex = 1; lastKnownFileType = text.xcconfig; name = "Pods-swift-github-repo-search-labTests.release.xcconfig"; path = "Pods/Target Support Files/Pods-swift-github-repo-search-labTests/Pods-swift-github-repo-search-labTests.release.xcconfig"; sourceTree = "<group>"; };
		8F33DF6D1E37B20100861BA9 /* swift-github-repo-search-labTests.xctest */ = {isa = PBXFileReference; explicitFileType = wrapper.cfbundle; includeInIndex = 0; path = "swift-github-repo-search-labTests.xctest"; sourceTree = BUILT_PRODUCTS_DIR; };
		8F33DF6F1E37B20100861BA9 /* swift_github_repo_search_labTests.swift */ = {isa = PBXFileReference; lastKnownFileType = sourcecode.swift; path = swift_github_repo_search_labTests.swift; sourceTree = "<group>"; };
		8F33DF711E37B20100861BA9 /* Info.plist */ = {isa = PBXFileReference; lastKnownFileType = text.plist.xml; path = Info.plist; sourceTree = "<group>"; };
		8F33DF771E37B22100861BA9 /* GithubAPIClientSpec.swift */ = {isa = PBXFileReference; fileEncoding = 4; lastKnownFileType = sourcecode.swift; path = GithubAPIClientSpec.swift; sourceTree = "<group>"; };
		8F33DF781E37B22100861BA9 /* GithubRepositorySpec.swift */ = {isa = PBXFileReference; fileEncoding = 4; lastKnownFileType = sourcecode.swift; path = GithubRepositorySpec.swift; sourceTree = "<group>"; };
		8F33DF791E37B22100861BA9 /* not_starred.json */ = {isa = PBXFileReference; fileEncoding = 4; lastKnownFileType = text.json; path = not_starred.json; sourceTree = "<group>"; };
		8F33DF7A1E37B22100861BA9 /* ReposDataStoreSpec.swift */ = {isa = PBXFileReference; fileEncoding = 4; lastKnownFileType = sourcecode.swift; path = ReposDataStoreSpec.swift; sourceTree = "<group>"; };
		8F33DF7B1E37B22100861BA9 /* repositories.json */ = {isa = PBXFileReference; fileEncoding = 4; lastKnownFileType = text.json; path = repositories.json; sourceTree = "<group>"; };
		8F33DF7C1E37B22100861BA9 /* ReposTableViewControllerSpec.swift */ = {isa = PBXFileReference; fileEncoding = 4; lastKnownFileType = sourcecode.swift; path = ReposTableViewControllerSpec.swift; sourceTree = "<group>"; };
		BA7C84CC2EF21A27A02CA364 /* Pods-swift-github-repo-search-lab.release.xcconfig */ = {isa = PBXFileReference; includeInIndex = 1; lastKnownFileType = text.xcconfig; name = "Pods-swift-github-repo-search-lab.release.xcconfig"; path = "Pods/Target Support Files/Pods-swift-github-repo-search-lab/Pods-swift-github-repo-search-lab.release.xcconfig"; sourceTree = "<group>"; };
		C025739EB9B933F0ED50D4A4 /* Pods-swift-github-repo-search-labTests.debug.xcconfig */ = {isa = PBXFileReference; includeInIndex = 1; lastKnownFileType = text.xcconfig; name = "Pods-swift-github-repo-search-labTests.debug.xcconfig"; path = "Pods/Target Support Files/Pods-swift-github-repo-search-labTests/Pods-swift-github-repo-search-labTests.debug.xcconfig"; sourceTree = "<group>"; };
		EB903D33600997305EE0760B /* Pods_swift_github_repo_search_lab.framework */ = {isa = PBXFileReference; explicitFileType = wrapper.framework; includeInIndex = 0; path = Pods_swift_github_repo_search_lab.framework; sourceTree = BUILT_PRODUCTS_DIR; };
		F03A113D1E705D7800038E03 /* Secret.swift */ = {isa = PBXFileReference; fileEncoding = 4; lastKnownFileType = sourcecode.swift; path = Secret.swift; sourceTree = "<group>"; };
		F03A113F1E705F7700038E03 /* GithubAPIClient.swift */ = {isa = PBXFileReference; fileEncoding = 4; lastKnownFileType = sourcecode.swift; path = GithubAPIClient.swift; sourceTree = "<group>"; };
		F03A11401E705F7700038E03 /* GithubRepository.swift */ = {isa = PBXFileReference; fileEncoding = 4; lastKnownFileType = sourcecode.swift; path = GithubRepository.swift; sourceTree = "<group>"; };
		F03A11411E705F7700038E03 /* ReposDataStore.swift */ = {isa = PBXFileReference; fileEncoding = 4; lastKnownFileType = sourcecode.swift; path = ReposDataStore.swift; sourceTree = "<group>"; };
		F03A11421E705F7700038E03 /* ReposTableViewController.swift */ = {isa = PBXFileReference; fileEncoding = 4; lastKnownFileType = sourcecode.swift; path = ReposTableViewController.swift; sourceTree = "<group>"; };
		F03A11481E70600500038E03 /* Base */ = {isa = PBXFileReference; lastKnownFileType = file.storyboard; name = Base; path = Base.lproj/Main.storyboard; sourceTree = "<group>"; };
/* End PBXFileReference section */

/* Begin PBXFrameworksBuildPhase section */
		1BF884A11DBE950C001E9E9B /* Frameworks */ = {
			isa = PBXFrameworksBuildPhase;
			buildActionMask = 2147483647;
			files = (
				FDE5A2D855483A3DBDB88CB6 /* Pods_swift_github_repo_search_lab.framework in Frameworks */,
			);
			runOnlyForDeploymentPostprocessing = 0;
		};
		8F33DF6A1E37B20100861BA9 /* Frameworks */ = {
			isa = PBXFrameworksBuildPhase;
			buildActionMask = 2147483647;
			files = (
				C02E9D077A856C30135639A5 /* Pods_swift_github_repo_search_labTests.framework in Frameworks */,
			);
			runOnlyForDeploymentPostprocessing = 0;
		};
/* End PBXFrameworksBuildPhase section */

/* Begin PBXGroup section */
		1A9D18F1B29855E74BB7CFF4 /* Frameworks */ = {
			isa = PBXGroup;
			children = (
				EB903D33600997305EE0760B /* Pods_swift_github_repo_search_lab.framework */,
				26B167F6C19D8C9E9C5B7D1B /* Pods_swift_github_repo_search_labTests.framework */,
			);
			name = Frameworks;
			sourceTree = "<group>";
		};
		1B15A13A1DC29FA500B15C9F /* Resources */ = {
			isa = PBXGroup;
			children = (
				1B15A13B1DC2A09900B15C9F /* not_starred.json */,
				1B15A13C1DC2A09900B15C9F /* repositories.json */,
				1BF884AE1DBE950C001E9E9B /* Assets.xcassets */,
				1BF884B01DBE950C001E9E9B /* LaunchScreen.storyboard */,
				1BF884B31DBE950C001E9E9B /* Info.plist */,
			);
			name = Resources;
			sourceTree = "<group>";
		};
		1BF8849B1DBE950C001E9E9B = {
			isa = PBXGroup;
			children = (
				1BF884A61DBE950C001E9E9B /* swift-github-repo-search-lab */,
				8F33DF6E1E37B20100861BA9 /* swift-github-repo-search-labTests */,
				1BF884A51DBE950C001E9E9B /* Products */,
				A858EED9E6F26A80C197D558 /* Pods */,
				1A9D18F1B29855E74BB7CFF4 /* Frameworks */,
			);
			sourceTree = "<group>";
		};
		1BF884A51DBE950C001E9E9B /* Products */ = {
			isa = PBXGroup;
			children = (
				1BF884A41DBE950C001E9E9B /* swift-github-repo-search-lab.app */,
				8F33DF6D1E37B20100861BA9 /* swift-github-repo-search-labTests.xctest */,
			);
			name = Products;
			sourceTree = "<group>";
		};
		1BF884A61DBE950C001E9E9B /* swift-github-repo-search-lab */ = {
			isa = PBXGroup;
			children = (
				F03A113D1E705D7800038E03 /* Secret.swift */,
				F03A113F1E705F7700038E03 /* GithubAPIClient.swift */,
				F03A11401E705F7700038E03 /* GithubRepository.swift */,
				F03A11411E705F7700038E03 /* ReposDataStore.swift */,
				F03A11421E705F7700038E03 /* ReposTableViewController.swift */,
				1BF884A71DBE950C001E9E9B /* AppDelegate.swift */,
				1BF884A91DBE950C001E9E9B /* ViewController.swift */,
				F03A11471E70600500038E03 /* Main.storyboard */,
				1B15A13A1DC29FA500B15C9F /* Resources */,
			);
			path = "swift-github-repo-search-lab";
			sourceTree = "<group>";
		};
		8F33DF6E1E37B20100861BA9 /* swift-github-repo-search-labTests */ = {
			isa = PBXGroup;
			children = (
				8F33DF771E37B22100861BA9 /* GithubAPIClientSpec.swift */,
				8F33DF781E37B22100861BA9 /* GithubRepositorySpec.swift */,
				8F33DF791E37B22100861BA9 /* not_starred.json */,
				8F33DF7A1E37B22100861BA9 /* ReposDataStoreSpec.swift */,
				8F33DF7B1E37B22100861BA9 /* repositories.json */,
				8F33DF7C1E37B22100861BA9 /* ReposTableViewControllerSpec.swift */,
				8F33DF6F1E37B20100861BA9 /* swift_github_repo_search_labTests.swift */,
				8F33DF711E37B20100861BA9 /* Info.plist */,
			);
			path = "swift-github-repo-search-labTests";
			sourceTree = "<group>";
		};
		A858EED9E6F26A80C197D558 /* Pods */ = {
			isa = PBXGroup;
			children = (
				06179FC97D4CCA9AF9531AF7 /* Pods-swift-github-repo-search-lab.debug.xcconfig */,
				BA7C84CC2EF21A27A02CA364 /* Pods-swift-github-repo-search-lab.release.xcconfig */,
				C025739EB9B933F0ED50D4A4 /* Pods-swift-github-repo-search-labTests.debug.xcconfig */,
				6DCF8E2B93675A97DA4ECCEF /* Pods-swift-github-repo-search-labTests.release.xcconfig */,
			);
			name = Pods;
			sourceTree = "<group>";
		};
/* End PBXGroup section */

/* Begin PBXNativeTarget section */
		1BF884A31DBE950C001E9E9B /* swift-github-repo-search-lab */ = {
			isa = PBXNativeTarget;
			buildConfigurationList = 1BF884B61DBE950C001E9E9B /* Build configuration list for PBXNativeTarget "swift-github-repo-search-lab" */;
			buildPhases = (
				C97DCF3A25E353F7306EC68C /* [CP] Check Pods Manifest.lock */,
				1BF884A01DBE950C001E9E9B /* Sources */,
				1BF884A11DBE950C001E9E9B /* Frameworks */,
				1BF884A21DBE950C001E9E9B /* Resources */,
				DF305EFCFAE7C62AFBB444A8 /* [CP] Embed Pods Frameworks */,
				F94774A725A457C9E6ED017A /* [CP] Copy Pods Resources */,
			);
			buildRules = (
			);
			dependencies = (
			);
			name = "swift-github-repo-search-lab";
			productName = "swift-github-repo-search-lab";
			productReference = 1BF884A41DBE950C001E9E9B /* swift-github-repo-search-lab.app */;
			productType = "com.apple.product-type.application";
		};
		8F33DF6C1E37B20100861BA9 /* swift-github-repo-search-labTests */ = {
			isa = PBXNativeTarget;
			buildConfigurationList = 8F33DF761E37B20100861BA9 /* Build configuration list for PBXNativeTarget "swift-github-repo-search-labTests" */;
			buildPhases = (
				8CC26041B3DBC534A6514849 /* [CP] Check Pods Manifest.lock */,
				8F33DF691E37B20100861BA9 /* Sources */,
				8F33DF6A1E37B20100861BA9 /* Frameworks */,
				8F33DF6B1E37B20100861BA9 /* Resources */,
				02DBF49243BD12CB043BEE34 /* [CP] Embed Pods Frameworks */,
				F503DF1FACD8DD0B7A4A9ABF /* [CP] Copy Pods Resources */,
			);
			buildRules = (
			);
			dependencies = (
				8F33DF731E37B20100861BA9 /* PBXTargetDependency */,
			);
			name = "swift-github-repo-search-labTests";
			productName = "swift-github-repo-search-labTests";
			productReference = 8F33DF6D1E37B20100861BA9 /* swift-github-repo-search-labTests.xctest */;
			productType = "com.apple.product-type.bundle.unit-test";
		};
/* End PBXNativeTarget section */

/* Begin PBXProject section */
		1BF8849C1DBE950C001E9E9B /* Project object */ = {
			isa = PBXProject;
			attributes = {
				LastSwiftUpdateCheck = 0820;
				LastUpgradeCheck = 0800;
				ORGANIZATIONNAME = "Flatiron School";
				TargetAttributes = {
					1BF884A31DBE950C001E9E9B = {
						CreatedOnToolsVersion = 8.0;
						DevelopmentTeam = KXY9EDFTF5;
						ProvisioningStyle = Automatic;
					};
					8F33DF6C1E37B20100861BA9 = {
						CreatedOnToolsVersion = 8.2.1;
						DevelopmentTeam = WNAGBXF4G9;
						ProvisioningStyle = Automatic;
						TestTargetID = 1BF884A31DBE950C001E9E9B;
					};
				};
			};
			buildConfigurationList = 1BF8849F1DBE950C001E9E9B /* Build configuration list for PBXProject "swift-github-repo-search-lab" */;
			compatibilityVersion = "Xcode 3.2";
			developmentRegion = English;
			hasScannedForEncodings = 0;
			knownRegions = (
				en,
				Base,
			);
			mainGroup = 1BF8849B1DBE950C001E9E9B;
			productRefGroup = 1BF884A51DBE950C001E9E9B /* Products */;
			projectDirPath = "";
			projectRoot = "";
			targets = (
				1BF884A31DBE950C001E9E9B /* swift-github-repo-search-lab */,
				8F33DF6C1E37B20100861BA9 /* swift-github-repo-search-labTests */,
			);
		};
/* End PBXProject section */

/* Begin PBXResourcesBuildPhase section */
		1BF884A21DBE950C001E9E9B /* Resources */ = {
			isa = PBXResourcesBuildPhase;
			buildActionMask = 2147483647;
			files = (
				1BF884B21DBE950C001E9E9B /* LaunchScreen.storyboard in Resources */,
				F03A11491E70600500038E03 /* Main.storyboard in Resources */,
				1B15A13E1DC2A09900B15C9F /* repositories.json in Resources */,
				1BF884AF1DBE950C001E9E9B /* Assets.xcassets in Resources */,
				1B15A13D1DC2A09900B15C9F /* not_starred.json in Resources */,
			);
			runOnlyForDeploymentPostprocessing = 0;
		};
		8F33DF6B1E37B20100861BA9 /* Resources */ = {
			isa = PBXResourcesBuildPhase;
			buildActionMask = 2147483647;
			files = (
				8F33DF7F1E37B22100861BA9 /* not_starred.json in Resources */,
				8F33DF811E37B22100861BA9 /* repositories.json in Resources */,
			);
			runOnlyForDeploymentPostprocessing = 0;
		};
/* End PBXResourcesBuildPhase section */

/* Begin PBXShellScriptBuildPhase section */
		02DBF49243BD12CB043BEE34 /* [CP] Embed Pods Frameworks */ = {
			isa = PBXShellScriptBuildPhase;
			buildActionMask = 2147483647;
			files = (
			);
			inputPaths = (
			);
			name = "[CP] Embed Pods Frameworks";
			outputPaths = (
			);
			runOnlyForDeploymentPostprocessing = 0;
			shellPath = /bin/sh;
			shellScript = "\"${SRCROOT}/Pods/Target Support Files/Pods-swift-github-repo-search-labTests/Pods-swift-github-repo-search-labTests-frameworks.sh\"\n";
			showEnvVarsInLog = 0;
		};
		8CC26041B3DBC534A6514849 /* [CP] Check Pods Manifest.lock */ = {
			isa = PBXShellScriptBuildPhase;
			buildActionMask = 2147483647;
			files = (
			);
			inputPaths = (
			);
			name = "[CP] Check Pods Manifest.lock";
			outputPaths = (
			);
			runOnlyForDeploymentPostprocessing = 0;
			shellPath = /bin/sh;
			shellScript = "diff \"${PODS_ROOT}/../Podfile.lock\" \"${PODS_ROOT}/Manifest.lock\" > /dev/null\nif [ $? != 0 ] ; then\n    # print error to STDERR\n    echo \"error: The sandbox is not in sync with the Podfile.lock. Run 'pod install' or update your CocoaPods installation.\" >&2\n    exit 1\nfi\n";
			showEnvVarsInLog = 0;
		};
		C97DCF3A25E353F7306EC68C /* [CP] Check Pods Manifest.lock */ = {
			isa = PBXShellScriptBuildPhase;
			buildActionMask = 2147483647;
			files = (
			);
			inputPaths = (
			);
			name = "[CP] Check Pods Manifest.lock";
			outputPaths = (
			);
			runOnlyForDeploymentPostprocessing = 0;
			shellPath = /bin/sh;
			shellScript = "diff \"${PODS_ROOT}/../Podfile.lock\" \"${PODS_ROOT}/Manifest.lock\" > /dev/null\nif [ $? != 0 ] ; then\n    # print error to STDERR\n    echo \"error: The sandbox is not in sync with the Podfile.lock. Run 'pod install' or update your CocoaPods installation.\" >&2\n    exit 1\nfi\n";
			showEnvVarsInLog = 0;
		};
		DF305EFCFAE7C62AFBB444A8 /* [CP] Embed Pods Frameworks */ = {
			isa = PBXShellScriptBuildPhase;
			buildActionMask = 2147483647;
			files = (
			);
			inputPaths = (
			);
			name = "[CP] Embed Pods Frameworks";
			outputPaths = (
			);
			runOnlyForDeploymentPostprocessing = 0;
			shellPath = /bin/sh;
			shellScript = "\"${SRCROOT}/Pods/Target Support Files/Pods-swift-github-repo-search-lab/Pods-swift-github-repo-search-lab-frameworks.sh\"\n";
			showEnvVarsInLog = 0;
		};
		F503DF1FACD8DD0B7A4A9ABF /* [CP] Copy Pods Resources */ = {
			isa = PBXShellScriptBuildPhase;
			buildActionMask = 2147483647;
			files = (
			);
			inputPaths = (
			);
			name = "[CP] Copy Pods Resources";
			outputPaths = (
			);
			runOnlyForDeploymentPostprocessing = 0;
			shellPath = /bin/sh;
			shellScript = "\"${SRCROOT}/Pods/Target Support Files/Pods-swift-github-repo-search-labTests/Pods-swift-github-repo-search-labTests-resources.sh\"\n";
			showEnvVarsInLog = 0;
		};
		F94774A725A457C9E6ED017A /* [CP] Copy Pods Resources */ = {
			isa = PBXShellScriptBuildPhase;
			buildActionMask = 2147483647;
			files = (
			);
			inputPaths = (
			);
			name = "[CP] Copy Pods Resources";
			outputPaths = (
			);
			runOnlyForDeploymentPostprocessing = 0;
			shellPath = /bin/sh;
			shellScript = "\"${SRCROOT}/Pods/Target Support Files/Pods-swift-github-repo-search-lab/Pods-swift-github-repo-search-lab-resources.sh\"\n";
			showEnvVarsInLog = 0;
		};
/* End PBXShellScriptBuildPhase section */

/* Begin PBXSourcesBuildPhase section */
		1BF884A01DBE950C001E9E9B /* Sources */ = {
			isa = PBXSourcesBuildPhase;
			buildActionMask = 2147483647;
			files = (
				F03A11431E705F7700038E03 /* GithubAPIClient.swift in Sources */,
				1BF884AA1DBE950C001E9E9B /* ViewController.swift in Sources */,
				F03A11441E705F7700038E03 /* GithubRepository.swift in Sources */,
				F03A11461E705F7700038E03 /* ReposTableViewController.swift in Sources */,
				F03A113E1E705D7800038E03 /* Secret.swift in Sources */,
				1BF884A81DBE950C001E9E9B /* AppDelegate.swift in Sources */,
				F03A11451E705F7700038E03 /* ReposDataStore.swift in Sources */,
			);
			runOnlyForDeploymentPostprocessing = 0;
		};
		8F33DF691E37B20100861BA9 /* Sources */ = {
			isa = PBXSourcesBuildPhase;
			buildActionMask = 2147483647;
			files = (
				8F33DF701E37B20100861BA9 /* swift_github_repo_search_labTests.swift in Sources */,
				8F33DF7D1E37B22100861BA9 /* GithubAPIClientSpec.swift in Sources */,
				8F33DF821E37B22100861BA9 /* ReposTableViewControllerSpec.swift in Sources */,
				8F33DF801E37B22100861BA9 /* ReposDataStoreSpec.swift in Sources */,
				8F33DF7E1E37B22100861BA9 /* GithubRepositorySpec.swift in Sources */,
			);
			runOnlyForDeploymentPostprocessing = 0;
		};
/* End PBXSourcesBuildPhase section */

/* Begin PBXTargetDependency section */
		8F33DF731E37B20100861BA9 /* PBXTargetDependency */ = {
			isa = PBXTargetDependency;
			target = 1BF884A31DBE950C001E9E9B /* swift-github-repo-search-lab */;
			targetProxy = 8F33DF721E37B20100861BA9 /* PBXContainerItemProxy */;
		};
/* End PBXTargetDependency section */

/* Begin PBXVariantGroup section */
		1BF884B01DBE950C001E9E9B /* LaunchScreen.storyboard */ = {
			isa = PBXVariantGroup;
			children = (
				1BF884B11DBE950C001E9E9B /* Base */,
			);
			name = LaunchScreen.storyboard;
			sourceTree = "<group>";
		};
		F03A11471E70600500038E03 /* Main.storyboard */ = {
			isa = PBXVariantGroup;
			children = (
				F03A11481E70600500038E03 /* Base */,
			);
			name = Main.storyboard;
			sourceTree = "<group>";
		};
/* End PBXVariantGroup section */

/* Begin XCBuildConfiguration section */
		1BF884B41DBE950C001E9E9B /* Debug */ = {
			isa = XCBuildConfiguration;
			buildSettings = {
				ALWAYS_SEARCH_USER_PATHS = NO;
				CLANG_ANALYZER_NONNULL = YES;
				CLANG_CXX_LANGUAGE_STANDARD = "gnu++0x";
				CLANG_CXX_LIBRARY = "libc++";
				CLANG_ENABLE_MODULES = YES;
				CLANG_ENABLE_OBJC_ARC = YES;
				CLANG_WARN_BOOL_CONVERSION = YES;
				CLANG_WARN_CONSTANT_CONVERSION = YES;
				CLANG_WARN_DIRECT_OBJC_ISA_USAGE = YES_ERROR;
				CLANG_WARN_DOCUMENTATION_COMMENTS = YES;
				CLANG_WARN_EMPTY_BODY = YES;
				CLANG_WARN_ENUM_CONVERSION = YES;
				CLANG_WARN_INFINITE_RECURSION = YES;
				CLANG_WARN_INT_CONVERSION = YES;
				CLANG_WARN_OBJC_ROOT_CLASS = YES_ERROR;
				CLANG_WARN_SUSPICIOUS_MOVES = YES;
				CLANG_WARN_UNREACHABLE_CODE = YES;
				CLANG_WARN__DUPLICATE_METHOD_MATCH = YES;
				"CODE_SIGN_IDENTITY[sdk=iphoneos*]" = "iPhone Developer";
				COPY_PHASE_STRIP = NO;
				DEBUG_INFORMATION_FORMAT = dwarf;
				ENABLE_STRICT_OBJC_MSGSEND = YES;
				ENABLE_TESTABILITY = YES;
				GCC_C_LANGUAGE_STANDARD = gnu99;
				GCC_DYNAMIC_NO_PIC = NO;
				GCC_NO_COMMON_BLOCKS = YES;
				GCC_OPTIMIZATION_LEVEL = 0;
				GCC_PREPROCESSOR_DEFINITIONS = (
					"DEBUG=1",
					"$(inherited)",
				);
				GCC_WARN_64_TO_32_BIT_CONVERSION = YES;
				GCC_WARN_ABOUT_RETURN_TYPE = YES_ERROR;
				GCC_WARN_UNDECLARED_SELECTOR = YES;
				GCC_WARN_UNINITIALIZED_AUTOS = YES_AGGRESSIVE;
				GCC_WARN_UNUSED_FUNCTION = YES;
				GCC_WARN_UNUSED_VARIABLE = YES;
				IPHONEOS_DEPLOYMENT_TARGET = 10.0;
				MTL_ENABLE_DEBUG_INFO = YES;
				ONLY_ACTIVE_ARCH = YES;
				SDKROOT = iphoneos;
				SWIFT_ACTIVE_COMPILATION_CONDITIONS = DEBUG;
				SWIFT_OPTIMIZATION_LEVEL = "-Onone";
				TARGETED_DEVICE_FAMILY = "1,2";
			};
			name = Debug;
		};
		1BF884B51DBE950C001E9E9B /* Release */ = {
			isa = XCBuildConfiguration;
			buildSettings = {
				ALWAYS_SEARCH_USER_PATHS = NO;
				CLANG_ANALYZER_NONNULL = YES;
				CLANG_CXX_LANGUAGE_STANDARD = "gnu++0x";
				CLANG_CXX_LIBRARY = "libc++";
				CLANG_ENABLE_MODULES = YES;
				CLANG_ENABLE_OBJC_ARC = YES;
				CLANG_WARN_BOOL_CONVERSION = YES;
				CLANG_WARN_CONSTANT_CONVERSION = YES;
				CLANG_WARN_DIRECT_OBJC_ISA_USAGE = YES_ERROR;
				CLANG_WARN_DOCUMENTATION_COMMENTS = YES;
				CLANG_WARN_EMPTY_BODY = YES;
				CLANG_WARN_ENUM_CONVERSION = YES;
				CLANG_WARN_INFINITE_RECURSION = YES;
				CLANG_WARN_INT_CONVERSION = YES;
				CLANG_WARN_OBJC_ROOT_CLASS = YES_ERROR;
				CLANG_WARN_SUSPICIOUS_MOVES = YES;
				CLANG_WARN_UNREACHABLE_CODE = YES;
				CLANG_WARN__DUPLICATE_METHOD_MATCH = YES;
				"CODE_SIGN_IDENTITY[sdk=iphoneos*]" = "iPhone Developer";
				COPY_PHASE_STRIP = NO;
				DEBUG_INFORMATION_FORMAT = "dwarf-with-dsym";
				ENABLE_NS_ASSERTIONS = NO;
				ENABLE_STRICT_OBJC_MSGSEND = YES;
				GCC_C_LANGUAGE_STANDARD = gnu99;
				GCC_NO_COMMON_BLOCKS = YES;
				GCC_WARN_64_TO_32_BIT_CONVERSION = YES;
				GCC_WARN_ABOUT_RETURN_TYPE = YES_ERROR;
				GCC_WARN_UNDECLARED_SELECTOR = YES;
				GCC_WARN_UNINITIALIZED_AUTOS = YES_AGGRESSIVE;
				GCC_WARN_UNUSED_FUNCTION = YES;
				GCC_WARN_UNUSED_VARIABLE = YES;
				IPHONEOS_DEPLOYMENT_TARGET = 10.0;
				MTL_ENABLE_DEBUG_INFO = NO;
				SDKROOT = iphoneos;
				SWIFT_OPTIMIZATION_LEVEL = "-Owholemodule";
				TARGETED_DEVICE_FAMILY = "1,2";
				VALIDATE_PRODUCT = YES;
			};
			name = Release;
		};
		1BF884B71DBE950C001E9E9B /* Debug */ = {
			isa = XCBuildConfiguration;
			baseConfigurationReference = 06179FC97D4CCA9AF9531AF7 /* Pods-swift-github-repo-search-lab.debug.xcconfig */;
			buildSettings = {
				ASSETCATALOG_COMPILER_APPICON_NAME = AppIcon;
				DEVELOPMENT_TEAM = KXY9EDFTF5;
				INFOPLIST_FILE = "swift-github-repo-search-lab/Info.plist";
				LD_RUNPATH_SEARCH_PATHS = "$(inherited) @executable_path/Frameworks";
				PRODUCT_BUNDLE_IDENTIFIER = "com.FlatironSchool.WeatherAnimations.swift-github-repo-search-lab";
				PRODUCT_NAME = "$(TARGET_NAME)";
				SWIFT_VERSION = 3.0;
			};
			name = Debug;
		};
		1BF884B81DBE950C001E9E9B /* Release */ = {
			isa = XCBuildConfiguration;
			baseConfigurationReference = BA7C84CC2EF21A27A02CA364 /* Pods-swift-github-repo-search-lab.release.xcconfig */;
			buildSettings = {
				ASSETCATALOG_COMPILER_APPICON_NAME = AppIcon;
				DEVELOPMENT_TEAM = KXY9EDFTF5;
				INFOPLIST_FILE = "swift-github-repo-search-lab/Info.plist";
				LD_RUNPATH_SEARCH_PATHS = "$(inherited) @executable_path/Frameworks";
				PRODUCT_BUNDLE_IDENTIFIER = "com.FlatironSchool.WeatherAnimations.swift-github-repo-search-lab";
				PRODUCT_NAME = "$(TARGET_NAME)";
				SWIFT_VERSION = 3.0;
			};
			name = Release;
		};
		8F33DF741E37B20100861BA9 /* Debug */ = {
			isa = XCBuildConfiguration;
			baseConfigurationReference = C025739EB9B933F0ED50D4A4 /* Pods-swift-github-repo-search-labTests.debug.xcconfig */;
			buildSettings = {
				BUNDLE_LOADER = "$(TEST_HOST)";
				CLANG_WARN_SUSPICIOUS_MOVE = YES;
				DEVELOPMENT_TEAM = WNAGBXF4G9;
				INFOPLIST_FILE = "swift-github-repo-search-labTests/Info.plist";
				IPHONEOS_DEPLOYMENT_TARGET = 10.2;
				LD_RUNPATH_SEARCH_PATHS = "$(inherited) @executable_path/Frameworks @loader_path/Frameworks";
				PRODUCT_BUNDLE_IDENTIFIER = "com.johannkerr.swift-github-repo-search-labTests";
				PRODUCT_NAME = "$(TARGET_NAME)";
				SWIFT_VERSION = 3.0;
				TEST_HOST = "$(BUILT_PRODUCTS_DIR)/swift-github-repo-search-lab.app/swift-github-repo-search-lab";
			};
			name = Debug;
		};
		8F33DF751E37B20100861BA9 /* Release */ = {
			isa = XCBuildConfiguration;
			baseConfigurationReference = 6DCF8E2B93675A97DA4ECCEF /* Pods-swift-github-repo-search-labTests.release.xcconfig */;
			buildSettings = {
				BUNDLE_LOADER = "$(TEST_HOST)";
				CLANG_WARN_SUSPICIOUS_MOVE = YES;
				DEVELOPMENT_TEAM = WNAGBXF4G9;
				INFOPLIST_FILE = "swift-github-repo-search-labTests/Info.plist";
				IPHONEOS_DEPLOYMENT_TARGET = 10.2;
				LD_RUNPATH_SEARCH_PATHS = "$(inherited) @executable_path/Frameworks @loader_path/Frameworks";
				PRODUCT_BUNDLE_IDENTIFIER = "com.johannkerr.swift-github-repo-search-labTests";
				PRODUCT_NAME = "$(TARGET_NAME)";
				SWIFT_VERSION = 3.0;
				TEST_HOST = "$(BUILT_PRODUCTS_DIR)/swift-github-repo-search-lab.app/swift-github-repo-search-lab";
			};
			name = Release;
		};
/* End XCBuildConfiguration section */

/* Begin XCConfigurationList section */
		1BF8849F1DBE950C001E9E9B /* Build configuration list for PBXProject "swift-github-repo-search-lab" */ = {
			isa = XCConfigurationList;
			buildConfigurations = (
				1BF884B41DBE950C001E9E9B /* Debug */,
				1BF884B51DBE950C001E9E9B /* Release */,
			);
			defaultConfigurationIsVisible = 0;
			defaultConfigurationName = Release;
		};
		1BF884B61DBE950C001E9E9B /* Build configuration list for PBXNativeTarget "swift-github-repo-search-lab" */ = {
			isa = XCConfigurationList;
			buildConfigurations = (
				1BF884B71DBE950C001E9E9B /* Debug */,
				1BF884B81DBE950C001E9E9B /* Release */,
			);
			defaultConfigurationIsVisible = 0;
			defaultConfigurationName = Release;
		};
		8F33DF761E37B20100861BA9 /* Build configuration list for PBXNativeTarget "swift-github-repo-search-labTests" */ = {
			isa = XCConfigurationList;
			buildConfigurations = (
				8F33DF741E37B20100861BA9 /* Debug */,
				8F33DF751E37B20100861BA9 /* Release */,
			);
			defaultConfigurationIsVisible = 0;
			defaultConfigurationName = Release;
		};
/* End XCConfigurationList section */
	};
	rootObject = 1BF8849C1DBE950C001E9E9B /* Project object */;
}
